
Microsoft Visual Studio Solution File, Format Version 12.00
# Visual Studio Version 17
VisualStudioVersion = 17.0.31903.59
MinimumVisualStudioVersion = 10.0.40219.1
Project("{FAE04EC0-301F-11D3-BF4B-00C04F79EFBC}") = "CourseMikroservice.Shared", "CourseMikroservice.Shared\CourseMikroservice.Shared.csproj", "{AC1EA080-9203-4295-AEA9-B33320B61E32}"
EndProject
Project("{2150E333-8FDC-42A3-9474-1A3956D46DE8}") = "CourseMikroservice.Catalog.Api", "CourseMikroservice.Catalog.Api", "{A10CB7BC-86F7-4C0B-904F-06C59DBEBFCB}"
EndProject
Project("{FAE04EC0-301F-11D3-BF4B-00C04F79EFBC}") = "Catalog.API", "CourseMikroservice.Catalog.Api\Catalog.API\Catalog.API.csproj", "{49E4D585-670A-4387-BD8F-EAAB4FD81FA3}"
EndProject
Global
	GlobalSection(SolutionConfigurationPlatforms) = preSolution
		Debug|Any CPU = Debug|Any CPU
		Release|Any CPU = Release|Any CPU
	EndGlobalSection
	GlobalSection(SolutionProperties) = preSolution
		HideSolutionNode = FALSE
	EndGlobalSection
	GlobalSection(ProjectConfigurationPlatforms) = postSolution
		{AC1EA080-9203-4295-AEA9-B33320B61E32}.Debug|Any CPU.ActiveCfg = Debug|Any CPU
		{AC1EA080-9203-4295-AEA9-B33320B61E32}.Debug|Any CPU.Build.0 = Debug|Any CPU
		{AC1EA080-9203-4295-AEA9-B33320B61E32}.Release|Any CPU.ActiveCfg = Release|Any CPU
		{AC1EA080-9203-4295-AEA9-B33320B61E32}.Release|Any CPU.Build.0 = Release|Any CPU
		{49E4D585-670A-4387-BD8F-EAAB4FD81FA3}.Debug|Any CPU.ActiveCfg = Debug|Any CPU
		{49E4D585-670A-4387-BD8F-EAAB4FD81FA3}.Debug|Any CPU.Build.0 = Debug|Any CPU
		{49E4D585-670A-4387-BD8F-EAAB4FD81FA3}.Release|Any CPU.ActiveCfg = Release|Any CPU
		{49E4D585-670A-4387-BD8F-EAAB4FD81FA3}.Release|Any CPU.Build.0 = Release|Any CPU
	EndGlobalSection
	GlobalSection(NestedProjects) = preSolution
		{49E4D585-670A-4387-BD8F-EAAB4FD81FA3} = {A10CB7BC-86F7-4C0B-904F-06C59DBEBFCB}
	EndGlobalSection
EndGlobal
